
Microsoft Visual Studio Solution File, Format Version 12.00
# Visual Studio Version 16
VisualStudioVersion = 16.0.31129.286
MinimumVisualStudioVersion = 10.0.40219.1
Project("{9A19103F-16F7-4668-BE54-9A1E7A4F7556}") = "ViewAnalysis", "ViewAnalysis\ViewAnalysis.csproj", "{EFC0046B-ACF8-4723-9CF5-95124C6B55D8}"
EndProject
Global
	GlobalSection(SolutionConfigurationPlatforms) = preSolution
		Debug|Any CPU = Debug|Any CPU
		Release|Any CPU = Release|Any CPU
	EndGlobalSection
	GlobalSection(ProjectConfigurationPlatforms) = postSolution
		{EFC0046B-ACF8-4723-9CF5-95124C6B55D8}.Debug|Any CPU.ActiveCfg = Debug|Any CPU
		{EFC0046B-ACF8-4723-9CF5-95124C6B55D8}.Debug|Any CPU.Build.0 = Debug|Any CPU
		{EFC0046B-ACF8-4723-9CF5-95124C6B55D8}.Release|Any CPU.ActiveCfg = Release|Any CPU
		{EFC0046B-ACF8-4723-9CF5-95124C6B55D8}.Release|Any CPU.Build.0 = Release|Any CPU
	EndGlobalSection
	GlobalSection(SolutionProperties) = preSolution
		HideSolutionNode = FALSE
	EndGlobalSection
	GlobalSection(ExtensibilityGlobals) = postSolution
		SolutionGuid = {5B9AF37E-3D4E-4308-AB67-1BBACB680D72}
	EndGlobalSection
EndGlobal
